// !$*UTF8*$!
{
	archiveVersion = 1;
	classes = {
	};
	objectVersion = 46;
	objects = {

/* Begin PBXBuildFile section */
		C0966EDA1D62C2C4009C0BCE /* MapKit.framework in Frameworks */ = {isa = PBXBuildFile; fileRef = C0966ED91D62C2C4009C0BCE /* MapKit.framework */; };
		C0966EDC1D62C2CA009C0BCE /* CoreLocation.framework in Frameworks */ = {isa = PBXBuildFile; fileRef = C0966EDB1D62C2CA009C0BCE /* CoreLocation.framework */; };
		C0BC20881DA59E7900A9C376 /* AppDelegate.swift in Sources */ = {isa = PBXBuildFile; fileRef = C0BC20871DA59E7900A9C376 /* AppDelegate.swift */; };
		C0BC208A1DA59E8000A9C376 /* Annotation.swift in Sources */ = {isa = PBXBuildFile; fileRef = C0BC20891DA59E8000A9C376 /* Annotation.swift */; };
		C0BC208D1DA59E8900A9C376 /* DetailViewController.swift in Sources */ = {isa = PBXBuildFile; fileRef = C0BC208B1DA59E8900A9C376 /* DetailViewController.swift */; };
		C0BC208E1DA59E8900A9C376 /* ViewController.swift in Sources */ = {isa = PBXBuildFile; fileRef = C0BC208C1DA59E8900A9C376 /* ViewController.swift */; };
		C0BC20901DA59E9300A9C376 /* Info.plist in Resources */ = {isa = PBXBuildFile; fileRef = C0BC208F1DA59E9300A9C376 /* Info.plist */; };
		C0BC20951DA59E9800A9C376 /* LaunchScreen.storyboard in Resources */ = {isa = PBXBuildFile; fileRef = C0BC20911DA59E9800A9C376 /* LaunchScreen.storyboard */; };
		C0BC20961DA59E9800A9C376 /* Main.storyboard in Resources */ = {isa = PBXBuildFile; fileRef = C0BC20931DA59E9800A9C376 /* Main.storyboard */; };
		C0BC20981DA59E9E00A9C376 /* Assets.xcassets in Resources */ = {isa = PBXBuildFile; fileRef = C0BC20971DA59E9E00A9C376 /* Assets.xcassets */; };
/* End PBXBuildFile section */

/* Begin PBXFileReference section */
		C0966EC41D62C2B6009C0BCE /* MapKit-Tutorial.app */ = {isa = PBXFileReference; explicitFileType = wrapper.application; includeInIndex = 0; path = "MapKit-Tutorial.app"; sourceTree = BUILT_PRODUCTS_DIR; };
		C0966ED91D62C2C4009C0BCE /* MapKit.framework */ = {isa = PBXFileReference; lastKnownFileType = wrapper.framework; name = MapKit.framework; path = System/Library/Frameworks/MapKit.framework; sourceTree = SDKROOT; };
		C0966EDB1D62C2CA009C0BCE /* CoreLocation.framework */ = {isa = PBXFileReference; lastKnownFileType = wrapper.framework; name = CoreLocation.framework; path = System/Library/Frameworks/CoreLocation.framework; sourceTree = SDKROOT; };
		C0BC20871DA59E7900A9C376 /* AppDelegate.swift */ = {isa = PBXFileReference; fileEncoding = 4; lastKnownFileType = sourcecode.swift; name = AppDelegate.swift; path = "MapKit-Tutorial/AppDelegate.swift"; sourceTree = SOURCE_ROOT; };
		C0BC20891DA59E8000A9C376 /* Annotation.swift */ = {isa = PBXFileReference; fileEncoding = 4; lastKnownFileType = sourcecode.swift; name = Annotation.swift; path = "MapKit-Tutorial/Annotation.swift"; sourceTree = SOURCE_ROOT; };
		C0BC208B1DA59E8900A9C376 /* DetailViewController.swift */ = {isa = PBXFileReference; fileEncoding = 4; lastKnownFileType = sourcecode.swift; name = DetailViewController.swift; path = "MapKit-Tutorial/DetailViewController.swift"; sourceTree = SOURCE_ROOT; };
		C0BC208C1DA59E8900A9C376 /* ViewController.swift */ = {isa = PBXFileReference; fileEncoding = 4; lastKnownFileType = sourcecode.swift; name = ViewController.swift; path = "MapKit-Tutorial/ViewController.swift"; sourceTree = SOURCE_ROOT; };
		C0BC208F1DA59E9300A9C376 /* Info.plist */ = {isa = PBXFileReference; fileEncoding = 4; lastKnownFileType = text.plist.xml; name = Info.plist; path = "MapKit-Tutorial/Info.plist"; sourceTree = SOURCE_ROOT; };
		C0BC20921DA59E9800A9C376 /* Base */ = {isa = PBXFileReference; lastKnownFileType = file.storyboard; name = Base; path = "MapKit-Tutorial/Base.lproj/LaunchScreen.storyboard"; sourceTree = SOURCE_ROOT; };
		C0BC20941DA59E9800A9C376 /* Base */ = {isa = PBXFileReference; lastKnownFileType = file.storyboard; name = Base; path = "MapKit-Tutorial/Base.lproj/Main.storyboard"; sourceTree = SOURCE_ROOT; };
		C0BC20971DA59E9E00A9C376 /* Assets.xcassets */ = {isa = PBXFileReference; lastKnownFileType = folder.assetcatalog; name = Assets.xcassets; path = "MapKit-Tutorial/Assets.xcassets"; sourceTree = SOURCE_ROOT; };
/* End PBXFileReference section */

/* Begin PBXFrameworksBuildPhase section */
		C0966EC11D62C2B6009C0BCE /* Frameworks */ = {
			isa = PBXFrameworksBuildPhase;
			buildActionMask = 2147483647;
			files = (
				C0966EDC1D62C2CA009C0BCE /* CoreLocation.framework in Frameworks */,
				C0966EDA1D62C2C4009C0BCE /* MapKit.framework in Frameworks */,
			);
			runOnlyForDeploymentPostprocessing = 0;
		};
/* End PBXFrameworksBuildPhase section */

/* Begin PBXGroup section */
		48572BEA1D67E61E00878B5B /* app */ = {
			isa = PBXGroup;
			children = (
				C0BC20871DA59E7900A9C376 /* AppDelegate.swift */,
			);
			path = app;
			sourceTree = "<group>";
		};
		48572BEB1D67E61E00878B5B /* controller */ = {
			isa = PBXGroup;
			children = (
				C0BC208B1DA59E8900A9C376 /* DetailViewController.swift */,
				C0BC208C1DA59E8900A9C376 /* ViewController.swift */,
			);
			path = controller;
			sourceTree = "<group>";
		};
		48572BEC1D67E61E00878B5B /* frameworks */ = {
			isa = PBXGroup;
			children = (
				C0966EDB1D62C2CA009C0BCE /* CoreLocation.framework */,
				C0966ED91D62C2C4009C0BCE /* MapKit.framework */,
			);
			path = frameworks;
			sourceTree = "<group>";
		};
		48572BED1D67E61E00878B5B /* resources */ = {
			isa = PBXGroup;
			children = (
				C0BC20971DA59E9E00A9C376 /* Assets.xcassets */,
				C0BC20911DA59E9800A9C376 /* LaunchScreen.storyboard */,
				C0BC20931DA59E9800A9C376 /* Main.storyboard */,
				C0BC208F1DA59E9300A9C376 /* Info.plist */,
			);
			path = resources;
			sourceTree = "<group>";
		};
		48572BEE1D67E71600878B5B /* model */ = {
			isa = PBXGroup;
			children = (
				C0BC20891DA59E8000A9C376 /* Annotation.swift */,
			);
			path = model;
			sourceTree = "<group>";
		};
		C0966EBB1D62C2B6009C0BCE = {
			isa = PBXGroup;
			children = (
				C0966EC61D62C2B6009C0BCE /* MapKit-Tutorial */,
				C0966EC51D62C2B6009C0BCE /* Products */,
			);
			sourceTree = "<group>";
		};
		C0966EC51D62C2B6009C0BCE /* Products */ = {
			isa = PBXGroup;
			children = (
				C0966EC41D62C2B6009C0BCE /* MapKit-Tutorial.app */,
			);
			name = Products;
			sourceTree = "<group>";
		};
		C0966EC61D62C2B6009C0BCE /* MapKit-Tutorial */ = {
			isa = PBXGroup;
			children = (
				48572BEA1D67E61E00878B5B /* app */,
				48572BEE1D67E71600878B5B /* model */,
				48572BEB1D67E61E00878B5B /* controller */,
				48572BED1D67E61E00878B5B /* resources */,
				48572BEC1D67E61E00878B5B /* frameworks */,
			);
			path = "MapKit-Tutorial";
			sourceTree = "<group>";
		};
/* End PBXGroup section */

/* Begin PBXNativeTarget section */
		C0966EC31D62C2B6009C0BCE /* MapKit-Tutorial */ = {
			isa = PBXNativeTarget;
			buildConfigurationList = C0966ED61D62C2B6009C0BCE /* Build configuration list for PBXNativeTarget "MapKit-Tutorial" */;
			buildPhases = (
				C0966EC01D62C2B6009C0BCE /* Sources */,
				C0966EC11D62C2B6009C0BCE /* Frameworks */,
				C0966EC21D62C2B6009C0BCE /* Resources */,
			);
			buildRules = (
			);
			dependencies = (
			);
			name = "MapKit-Tutorial";
			productName = "MapKit-Tutorial";
			productReference = C0966EC41D62C2B6009C0BCE /* MapKit-Tutorial.app */;
			productType = "com.apple.product-type.application";
		};
/* End PBXNativeTarget section */

/* Begin PBXProject section */
		C0966EBC1D62C2B6009C0BCE /* Project object */ = {
			isa = PBXProject;
			attributes = {
				LastSwiftUpdateCheck = 0730;
				LastUpgradeCheck = 0800;
				ORGANIZATIONNAME = "Gelei Chen";
				TargetAttributes = {
					C0966EC31D62C2B6009C0BCE = {
						CreatedOnToolsVersion = 7.3.1;
						LastSwiftMigration = 0800;
					};
				};
			};
			buildConfigurationList = C0966EBF1D62C2B6009C0BCE /* Build configuration list for PBXProject "MapKit-Tutorial" */;
			compatibilityVersion = "Xcode 3.2";
			developmentRegion = English;
			hasScannedForEncodings = 0;
			knownRegions = (
				en,
				Base,
			);
			mainGroup = C0966EBB1D62C2B6009C0BCE;
			productRefGroup = C0966EC51D62C2B6009C0BCE /* Products */;
			projectDirPath = "";
			projectRoot = "";
			targets = (
				C0966EC31D62C2B6009C0BCE /* MapKit-Tutorial */,
			);
		};
/* End PBXProject section */

/* Begin PBXResourcesBuildPhase section */
		C0966EC21D62C2B6009C0BCE /* Resources */ = {
			isa = PBXResourcesBuildPhase;
			buildActionMask = 2147483647;
			files = (
				C0BC20961DA59E9800A9C376 /* Main.storyboard in Resources */,
				C0BC20901DA59E9300A9C376 /* Info.plist in Resources */,
				C0BC20981DA59E9E00A9C376 /* Assets.xcassets in Resources */,
				C0BC20951DA59E9800A9C376 /* LaunchScreen.storyboard in Resources */,
			);
			runOnlyForDeploymentPostprocessing = 0;
		};
/* End PBXResourcesBuildPhase section */

/* Begin PBXSourcesBuildPhase section */
		C0966EC01D62C2B6009C0BCE /* Sources */ = {
			isa = PBXSourcesBuildPhase;
			buildActionMask = 2147483647;
			files = (
				C0BC208D1DA59E8900A9C376 /* DetailViewController.swift in Sources */,
				C0BC20881DA59E7900A9C376 /* AppDelegate.swift in Sources */,
				C0BC208E1DA59E8900A9C376 /* ViewController.swift in Sources */,
				C0BC208A1DA59E8000A9C376 /* Annotation.swift in Sources */,
			);
			runOnlyForDeploymentPostprocessing = 0;
		};
/* End PBXSourcesBuildPhase section */

/* Begin PBXVariantGroup section */
		C0BC20911DA59E9800A9C376 /* LaunchScreen.storyboard */ = {
			isa = PBXVariantGroup;
			children = (
				C0BC20921DA59E9800A9C376 /* Base */,
			);
			name = LaunchScreen.storyboard;
			sourceTree = "<group>";
		};
		C0BC20931DA59E9800A9C376 /* Main.storyboard */ = {
			isa = PBXVariantGroup;
			children = (
				C0BC20941DA59E9800A9C376 /* Base */,
			);
			name = Main.storyboard;
			sourceTree = "<group>";
		};
/* End PBXVariantGroup section */

/* Begin XCBuildConfiguration section */
		C0966ED41D62C2B6009C0BCE /* Debug */ = {
			isa = XCBuildConfiguration;
			buildSettings = {
				ALWAYS_SEARCH_USER_PATHS = NO;
				CLANG_ANALYZER_NONNULL = YES;
				CLANG_CXX_LANGUAGE_STANDARD = "gnu++0x";
				CLANG_CXX_LIBRARY = "libc++";
				CLANG_ENABLE_MODULES = YES;
				CLANG_ENABLE_OBJC_ARC = YES;
				CLANG_WARN_BOOL_CONVERSION = YES;
				CLANG_WARN_CONSTANT_CONVERSION = YES;
				CLANG_WARN_DIRECT_OBJC_ISA_USAGE = YES_ERROR;
				CLANG_WARN_EMPTY_BODY = YES;
				CLANG_WARN_ENUM_CONVERSION = YES;
				CLANG_WARN_INFINITE_RECURSION = YES;
				CLANG_WARN_INT_CONVERSION = YES;
				CLANG_WARN_OBJC_ROOT_CLASS = YES_ERROR;
				CLANG_WARN_SUSPICIOUS_MOVE = YES;
				CLANG_WARN_UNREACHABLE_CODE = YES;
				CLANG_WARN__DUPLICATE_METHOD_MATCH = YES;
				"CODE_SIGN_IDENTITY[sdk=iphoneos*]" = "iPhone Developer";
				COPY_PHASE_STRIP = NO;
				DEBUG_INFORMATION_FORMAT = dwarf;
				ENABLE_STRICT_OBJC_MSGSEND = YES;
				ENABLE_TESTABILITY = YES;
				GCC_C_LANGUAGE_STANDARD = gnu99;
				GCC_DYNAMIC_NO_PIC = NO;
				GCC_NO_COMMON_BLOCKS = YES;
				GCC_OPTIMIZATION_LEVEL = 0;
				GCC_PREPROCESSOR_DEFINITIONS = (
					"DEBUG=1",
					"$(inherited)",
				);
				GCC_WARN_64_TO_32_BIT_CONVERSION = YES;
				GCC_WARN_ABOUT_RETURN_TYPE = YES_ERROR;
				GCC_WARN_UNDECLARED_SELECTOR = YES;
				GCC_WARN_UNINITIALIZED_AUTOS = YES_AGGRESSIVE;
				GCC_WARN_UNUSED_FUNCTION = YES;
				GCC_WARN_UNUSED_VARIABLE = YES;
				IPHONEOS_DEPLOYMENT_TARGET = 9.3;
				MTL_ENABLE_DEBUG_INFO = YES;
				ONLY_ACTIVE_ARCH = YES;
				SDKROOT = iphoneos;
				SWIFT_OPTIMIZATION_LEVEL = "-Onone";
				TARGETED_DEVICE_FAMILY = "1,2";
			};
			name = Debug;
		};
		C0966ED51D62C2B6009C0BCE /* Release */ = {
			isa = XCBuildConfiguration;
			buildSettings = {
				ALWAYS_SEARCH_USER_PATHS = NO;
				CLANG_ANALYZER_NONNULL = YES;
				CLANG_CXX_LANGUAGE_STANDARD = "gnu++0x";
				CLANG_CXX_LIBRARY = "libc++";
				CLANG_ENABLE_MODULES = YES;
				CLANG_ENABLE_OBJC_ARC = YES;
				CLANG_WARN_BOOL_CONVERSION = YES;
				CLANG_WARN_CONSTANT_CONVERSION = YES;
				CLANG_WARN_DIRECT_OBJC_ISA_USAGE = YES_ERROR;
				CLANG_WARN_EMPTY_BODY = YES;
				CLANG_WARN_ENUM_CONVERSION = YES;
				CLANG_WARN_INFINITE_RECURSION = YES;
				CLANG_WARN_INT_CONVERSION = YES;
				CLANG_WARN_OBJC_ROOT_CLASS = YES_ERROR;
				CLANG_WARN_SUSPICIOUS_MOVE = YES;
				CLANG_WARN_UNREACHABLE_CODE = YES;
				CLANG_WARN__DUPLICATE_METHOD_MATCH = YES;
				"CODE_SIGN_IDENTITY[sdk=iphoneos*]" = "iPhone Developer";
				COPY_PHASE_STRIP = NO;
				DEBUG_INFORMATION_FORMAT = "dwarf-with-dsym";
				ENABLE_NS_ASSERTIONS = NO;
				ENABLE_STRICT_OBJC_MSGSEND = YES;
				GCC_C_LANGUAGE_STANDARD = gnu99;
				GCC_NO_COMMON_BLOCKS = YES;
				GCC_WARN_64_TO_32_BIT_CONVERSION = YES;
				GCC_WARN_ABOUT_RETURN_TYPE = YES_ERROR;
				GCC_WARN_UNDECLARED_SELECTOR = YES;
				GCC_WARN_UNINITIALIZED_AUTOS = YES_AGGRESSIVE;
				GCC_WARN_UNUSED_FUNCTION = YES;
				GCC_WARN_UNUSED_VARIABLE = YES;
				IPHONEOS_DEPLOYMENT_TARGET = 9.3;
				MTL_ENABLE_DEBUG_INFO = NO;
				SDKROOT = iphoneos;
				SWIFT_OPTIMIZATION_LEVEL = "-Owholemodule";
				TARGETED_DEVICE_FAMILY = "1,2";
				VALIDATE_PRODUCT = YES;
			};
			name = Release;
		};
		C0966ED71D62C2B6009C0BCE /* Debug */ = {
			isa = XCBuildConfiguration;
			buildSettings = {
				ASSETCATALOG_COMPILER_APPICON_NAME = AppIcon;
				INFOPLIST_FILE = "MapKit-Tutorial/Info.plist";
				LD_RUNPATH_SEARCH_PATHS = "$(inherited) @executable_path/Frameworks";
				PRODUCT_BUNDLE_IDENTIFIER = "gelei.MapKit-Tutorial";
				PRODUCT_NAME = "$(TARGET_NAME)";
				SWIFT_VERSION = 3.0;
			};
			name = Debug;
		};
		C0966ED81D62C2B6009C0BCE /* Release */ = {
			isa = XCBuildConfiguration;
			buildSettings = {
				ASSETCATALOG_COMPILER_APPICON_NAME = AppIcon;
				INFOPLIST_FILE = "MapKit-Tutorial/Info.plist";
				LD_RUNPATH_SEARCH_PATHS = "$(inherited) @executable_path/Frameworks";
				PRODUCT_BUNDLE_IDENTIFIER = "gelei.MapKit-Tutorial";
				PRODUCT_NAME = "$(TARGET_NAME)";
				SWIFT_VERSION = 3.0;
			};
			name = Release;
		};
/* End XCBuildConfiguration section */

/* Begin XCConfigurationList section */
		C0966EBF1D62C2B6009C0BCE /* Build configuration list for PBXProject "MapKit-Tutorial" */ = {
			isa = XCConfigurationList;
			buildConfigurations = (
				C0966ED41D62C2B6009C0BCE /* Debug */,
				C0966ED51D62C2B6009C0BCE /* Release */,
			);
			defaultConfigurationIsVisible = 0;
			defaultConfigurationName = Release;
		};
		C0966ED61D62C2B6009C0BCE /* Build configuration list for PBXNativeTarget "MapKit-Tutorial" */ = {
			isa = XCConfigurationList;
			buildConfigurations = (
				C0966ED71D62C2B6009C0BCE /* Debug */,
				C0966ED81D62C2B6009C0BCE /* Release */,
			);
			defaultConfigurationIsVisible = 0;
			defaultConfigurationName = Release;
		};
/* End XCConfigurationList section */
	};
	rootObject = C0966EBC1D62C2B6009C0BCE /* Project object */;
}
